
Microsoft Visual Studio Solution File, Format Version 12.00
# Visual Studio 15
VisualStudioVersion = 15.0.28010.2050
MinimumVisualStudioVersion = 10.0.40219.1
Project("{FAE04EC0-301F-11D3-BF4B-00C04F79EFBC}") = "Project Kittan", "Project Kittan\Project Kittan.csproj", "{4FA643CE-918B-42A0-8E2B-B1D9F53740D8}"
EndProject
Global
	GlobalSection(SolutionConfigurationPlatforms) = preSolution
		Debug|Any CPU = Debug|Any CPU
		Release|Any CPU = Release|Any CPU
	EndGlobalSection
	GlobalSection(ProjectConfigurationPlatforms) = postSolution
		{4FA643CE-918B-42A0-8E2B-B1D9F53740D8}.Debug|Any CPU.ActiveCfg = Debug|Any CPU
		{4FA643CE-918B-42A0-8E2B-B1D9F53740D8}.Debug|Any CPU.Build.0 = Debug|Any CPU
		{4FA643CE-918B-42A0-8E2B-B1D9F53740D8}.Release|Any CPU.ActiveCfg = Release|Any CPU
		{4FA643CE-918B-42A0-8E2B-B1D9F53740D8}.Release|Any CPU.Build.0 = Release|Any CPU
	EndGlobalSection
	GlobalSection(SolutionProperties) = preSolution
		HideSolutionNode = FALSE
	EndGlobalSection
	GlobalSection(ExtensibilityGlobals) = postSolution
		SolutionGuid = {F310B372-F7BB-4699-B92F-88B6BDC6FCF2}
	EndGlobalSection
EndGlobal
